
Microsoft Visual Studio Solution File, Format Version 12.00
# Visual Studio Version 17
VisualStudioVersion = 17.5.33502.453
MinimumVisualStudioVersion = 10.0.40219.1
Project("{FAE04EC0-301F-11D3-BF4B-00C04F79EFBC}") = "ConsoleApp48", "ConsoleApp48\ConsoleApp48.csproj", "{AA213722-C537-4004-9091-5A0300ED2AE0}"
EndProject
Global
	GlobalSection(SolutionConfigurationPlatforms) = preSolution
		Debug|Any CPU = Debug|Any CPU
		Release|Any CPU = Release|Any CPU
	EndGlobalSection
	GlobalSection(ProjectConfigurationPlatforms) = postSolution
		{AA213722-C537-4004-9091-5A0300ED2AE0}.Debug|Any CPU.ActiveCfg = Debug|Any CPU
		{AA213722-C537-4004-9091-5A0300ED2AE0}.Debug|Any CPU.Build.0 = Debug|Any CPU
		{AA213722-C537-4004-9091-5A0300ED2AE0}.Release|Any CPU.ActiveCfg = Release|Any CPU
		{AA213722-C537-4004-9091-5A0300ED2AE0}.Release|Any CPU.Build.0 = Release|Any CPU
	EndGlobalSection
	GlobalSection(SolutionProperties) = preSolution
		HideSolutionNode = FALSE
	EndGlobalSection
	GlobalSection(ExtensibilityGlobals) = postSolution
		SolutionGuid = {5F27BE12-F5E5-4271-A88C-F03B01FD9739}
	EndGlobalSection
EndGlobal
